<Solution>
  <Configurations>
    <Platform Name="Any CPU" />
    <Platform Name="x64" />
    <Platform Name="x86" />
  </Configurations>
  <Project Path="HostsEditor-Cmd/HostsEditor-Cmd.vcxproj" Id="1eb0b5fa-5f95-4db3-aea1-b053630156ce" />
  <Project Path="HostsEditor-GUI/HostsEditor-GUI.csproj" Id="e95ea232-f9a1-46d2-925e-b1a5eb3d7252" />
</Solution>
